# THIS IS AN AUTOGENERATED FILE. DO NOT EDIT THIS FILE DIRECTLY.
# yarn lockfile v1


centra@^2.4.2:
  version "2.4.2"
  resolved "https://registry.yarnpkg.com/centra/-/centra-2.4.2.tgz#3bad51dbca2250dbecad84598dc7184973f4c4a9"
  integrity sha512-f1RaP0V1HqVNEXfLfjNBthB2yy3KnSGnPCnOPCFLUk9e/Z4rNJ8nBaJNnghflnp88mi1IT8mfmW+HlMS1/H+bg==

phin@^3.5.0:
  version "3.5.0"
  resolved "https://registry.yarnpkg.com/phin/-/phin-3.5.0.tgz#f223aa26b22bb682b3eaf150ccb66c06998037b0"
  integrity sha512-BEJYqD07B5uBFPAzNpLuLh0LzHr4MDLe0Vc6gBYi+PSIL57VbiE/UvkCc86x24pKQn2X2Keg7HTJEDr8BrBCCg==
  dependencies:
    centra "^2.4.2"
